
Microsoft Visual Studio Solution File, Format Version 12.00
# Visual Studio 15
VisualStudioVersion = 15.0.27004.2009
MinimumVisualStudioVersion = 10.0.40219.1
Project("{2150E333-8FDC-42A3-9474-1A3956D46DE8}") = "libraries", "libraries", "{10354FBD-B937-4A9F-8F3C-02D50909A8BD}"
EndProject
Project("{2150E333-8FDC-42A3-9474-1A3956D46DE8}") = "tests", "tests", "{19AB4792-2C4E-4FAB-86BD-D61B2DED3FD5}"
EndProject
Project("{9A19103F-16F7-4668-BE54-9A1E7A4F7556}") = "Aftertime.Concepts.Algebra", "libraries\Algebra\Aftertime.Concepts.Algebra.csproj", "{FEF6FBF4-0F48-4430-A9B6-7866B1DFE792}"
EndProject
Project("{9A19103F-16F7-4668-BE54-9A1E7A4F7556}") = "Aftertime.Concepts.Physics", "libraries\Physics\Aftertime.Concepts.Physics.csproj", "{259DEFBB-6117-45FD-974E-93932CA7B968}"
EndProject
Project("{9A19103F-16F7-4668-BE54-9A1E7A4F7556}") = "Aftertime.Concepts.Algebra-Tests", "tests\Algebra-Tests\Aftertime.Concepts.Algebra-Tests.csproj", "{B4B92178-C563-4F46-A3E4-7E2B6BAAC589}"
EndProject
Project("{9A19103F-16F7-4668-BE54-9A1E7A4F7556}") = "Aftertime.Concepts.Physics-Tests", "tests\Physics-Tests\Aftertime.Concepts.Physics-Tests.csproj", "{80AF4ABC-62FE-459E-A5D3-87984294ACD1}"
EndProject
Project("{2150E333-8FDC-42A3-9474-1A3956D46DE8}") = "@utomation", "@utomation", "{7DC8C159-F943-4EEA-A6F3-752FABDE3A30}"
	ProjectSection(SolutionItems) = preProject
		@utomation\common.props = @utomation\common.props
		@utomation\common.targets = @utomation\common.targets
		@utomation\CommonAssemblyAttributes.cs = @utomation\CommonAssemblyAttributes.cs
		@utomation\development.snk = @utomation\development.snk
	EndProjectSection
EndProject
Global
	GlobalSection(SolutionConfigurationPlatforms) = preSolution
		Debug|Any CPU = Debug|Any CPU
		Release|Any CPU = Release|Any CPU
		Release+Pack|Any CPU = Release+Pack|Any CPU
		Release+Pack+Certify|Any CPU = Release+Pack+Certify|Any CPU
	EndGlobalSection
	GlobalSection(ProjectConfigurationPlatforms) = postSolution
		{FEF6FBF4-0F48-4430-A9B6-7866B1DFE792}.Debug|Any CPU.ActiveCfg = Debug|Any CPU
		{FEF6FBF4-0F48-4430-A9B6-7866B1DFE792}.Debug|Any CPU.Build.0 = Debug|Any CPU
		{FEF6FBF4-0F48-4430-A9B6-7866B1DFE792}.Release|Any CPU.ActiveCfg = Release|Any CPU
		{FEF6FBF4-0F48-4430-A9B6-7866B1DFE792}.Release|Any CPU.Build.0 = Release|Any CPU
		{FEF6FBF4-0F48-4430-A9B6-7866B1DFE792}.Release+Pack|Any CPU.ActiveCfg = Release+Pack|Any CPU
		{FEF6FBF4-0F48-4430-A9B6-7866B1DFE792}.Release+Pack|Any CPU.Build.0 = Release+Pack|Any CPU
		{FEF6FBF4-0F48-4430-A9B6-7866B1DFE792}.Release+Pack+Certify|Any CPU.ActiveCfg = Release+Pack+Certify|Any CPU
		{FEF6FBF4-0F48-4430-A9B6-7866B1DFE792}.Release+Pack+Certify|Any CPU.Build.0 = Release+Pack+Certify|Any CPU
		{259DEFBB-6117-45FD-974E-93932CA7B968}.Debug|Any CPU.ActiveCfg = Debug|Any CPU
		{259DEFBB-6117-45FD-974E-93932CA7B968}.Debug|Any CPU.Build.0 = Debug|Any CPU
		{259DEFBB-6117-45FD-974E-93932CA7B968}.Release|Any CPU.ActiveCfg = Release|Any CPU
		{259DEFBB-6117-45FD-974E-93932CA7B968}.Release|Any CPU.Build.0 = Release|Any CPU
		{259DEFBB-6117-45FD-974E-93932CA7B968}.Release+Pack|Any CPU.ActiveCfg = Release+Pack|Any CPU
		{259DEFBB-6117-45FD-974E-93932CA7B968}.Release+Pack|Any CPU.Build.0 = Release+Pack|Any CPU
		{259DEFBB-6117-45FD-974E-93932CA7B968}.Release+Pack+Certify|Any CPU.ActiveCfg = Release+Pack+Certify|Any CPU
		{259DEFBB-6117-45FD-974E-93932CA7B968}.Release+Pack+Certify|Any CPU.Build.0 = Release+Pack+Certify|Any CPU
		{B4B92178-C563-4F46-A3E4-7E2B6BAAC589}.Debug|Any CPU.ActiveCfg = Debug|Any CPU
		{B4B92178-C563-4F46-A3E4-7E2B6BAAC589}.Debug|Any CPU.Build.0 = Debug|Any CPU
		{B4B92178-C563-4F46-A3E4-7E2B6BAAC589}.Release|Any CPU.ActiveCfg = Release|Any CPU
		{B4B92178-C563-4F46-A3E4-7E2B6BAAC589}.Release|Any CPU.Build.0 = Release|Any CPU
		{B4B92178-C563-4F46-A3E4-7E2B6BAAC589}.Release+Pack|Any CPU.ActiveCfg = Release+Pack|Any CPU
		{B4B92178-C563-4F46-A3E4-7E2B6BAAC589}.Release+Pack|Any CPU.Build.0 = Release+Pack|Any CPU
		{B4B92178-C563-4F46-A3E4-7E2B6BAAC589}.Release+Pack+Certify|Any CPU.ActiveCfg = Release+Pack+Certify|Any CPU
		{B4B92178-C563-4F46-A3E4-7E2B6BAAC589}.Release+Pack+Certify|Any CPU.Build.0 = Release+Pack+Certify|Any CPU
		{80AF4ABC-62FE-459E-A5D3-87984294ACD1}.Debug|Any CPU.ActiveCfg = Debug|Any CPU
		{80AF4ABC-62FE-459E-A5D3-87984294ACD1}.Debug|Any CPU.Build.0 = Debug|Any CPU
		{80AF4ABC-62FE-459E-A5D3-87984294ACD1}.Release|Any CPU.ActiveCfg = Release|Any CPU
		{80AF4ABC-62FE-459E-A5D3-87984294ACD1}.Release|Any CPU.Build.0 = Release|Any CPU
		{80AF4ABC-62FE-459E-A5D3-87984294ACD1}.Release+Pack|Any CPU.ActiveCfg = Release+Pack|Any CPU
		{80AF4ABC-62FE-459E-A5D3-87984294ACD1}.Release+Pack|Any CPU.Build.0 = Release+Pack|Any CPU
		{80AF4ABC-62FE-459E-A5D3-87984294ACD1}.Release+Pack+Certify|Any CPU.ActiveCfg = Release+Pack+Certify|Any CPU
		{80AF4ABC-62FE-459E-A5D3-87984294ACD1}.Release+Pack+Certify|Any CPU.Build.0 = Release+Pack+Certify|Any CPU
	EndGlobalSection
	GlobalSection(SolutionProperties) = preSolution
		HideSolutionNode = FALSE
	EndGlobalSection
	GlobalSection(NestedProjects) = preSolution
		{FEF6FBF4-0F48-4430-A9B6-7866B1DFE792} = {10354FBD-B937-4A9F-8F3C-02D50909A8BD}
		{259DEFBB-6117-45FD-974E-93932CA7B968} = {10354FBD-B937-4A9F-8F3C-02D50909A8BD}
		{B4B92178-C563-4F46-A3E4-7E2B6BAAC589} = {19AB4792-2C4E-4FAB-86BD-D61B2DED3FD5}
		{80AF4ABC-62FE-459E-A5D3-87984294ACD1} = {19AB4792-2C4E-4FAB-86BD-D61B2DED3FD5}
	EndGlobalSection
	GlobalSection(ExtensibilityGlobals) = postSolution
		SolutionGuid = {56ED85D4-A24F-4816-A728-5ABE8C9CCD64}
	EndGlobalSection
EndGlobal
